// !$*UTF8*$!
{
	archiveVersion = 1;
	classes = {
	};
	objectVersion = 50;
	objects = {

/* Begin PBXBuildFile section */
		715C3F0C1A146474727EFC8F /* Pods_StudentsManager_IOS.framework in Frameworks */ = {isa = PBXBuildFile; fileRef = 3407E9EA48D7E97FC12F55F7 /* Pods_StudentsManager_IOS.framework */; };
		CC2F29362207A0C100D83E12 /* Main.storyboard in Resources */ = {isa = PBXBuildFile; fileRef = CC2F29342207A0C100D83E12 /* Main.storyboard */; };
		CC2F29382207A1CC00D83E12 /* Main.swift in Sources */ = {isa = PBXBuildFile; fileRef = CC2F29372207A1CC00D83E12 /* Main.swift */; };
		CC33CFB52240347800FB000F /* History.swift in Sources */ = {isa = PBXBuildFile; fileRef = CC33CFB42240347800FB000F /* History.swift */; };
		CC33CFB7224034B000FB000F /* CurrentSession.swift in Sources */ = {isa = PBXBuildFile; fileRef = CC33CFB6224034B000FB000F /* CurrentSession.swift */; };
		CC33CFBA2240FD7300FB000F /* CurrentSessionViewModel.swift in Sources */ = {isa = PBXBuildFile; fileRef = CC33CFB92240FD7300FB000F /* CurrentSessionViewModel.swift */; };
		CC33CFBF2242194900FB000F /* CurrentSessionEventCell.swift in Sources */ = {isa = PBXBuildFile; fileRef = CC33CFBD2242194900FB000F /* CurrentSessionEventCell.swift */; };
		CC33CFC02242194900FB000F /* CurrentSessionEventCell.xib in Resources */ = {isa = PBXBuildFile; fileRef = CC33CFBE2242194900FB000F /* CurrentSessionEventCell.xib */; };
		CC5BB20C21F502220069B076 /* AppDelegate.swift in Sources */ = {isa = PBXBuildFile; fileRef = CC5BB20B21F502220069B076 /* AppDelegate.swift */; };
		CC5BB20E21F502220069B076 /* ViewController.swift in Sources */ = {isa = PBXBuildFile; fileRef = CC5BB20D21F502220069B076 /* ViewController.swift */; };
		CC5BB21321F502250069B076 /* Assets.xcassets in Resources */ = {isa = PBXBuildFile; fileRef = CC5BB21221F502250069B076 /* Assets.xcassets */; };
		CC5BB21621F502250069B076 /* LaunchScreen.storyboard in Resources */ = {isa = PBXBuildFile; fileRef = CC5BB21421F502250069B076 /* LaunchScreen.storyboard */; };
		CC5BB22321F5177F0069B076 /* GoogleService-Info.plist in Resources */ = {isa = PBXBuildFile; fileRef = CC5BB22221F5177F0069B076 /* GoogleService-Info.plist */; };
		CCA4272E2238DC8600CF2260 /* CurrentSession.storyboard in Resources */ = {isa = PBXBuildFile; fileRef = CCA4272C2238DC8500CF2260 /* CurrentSession.storyboard */; };
		CCB522D122423D0500737C7D /* CurrentSessionTutorCell.swift in Sources */ = {isa = PBXBuildFile; fileRef = CCB522CF22423D0500737C7D /* CurrentSessionTutorCell.swift */; };
		CCB522D222423D0500737C7D /* CurrentSessionTutorCell.xib in Resources */ = {isa = PBXBuildFile; fileRef = CCB522D022423D0500737C7D /* CurrentSessionTutorCell.xib */; };
		CCBC48A92248CBEB0074D559 /* ImageService.swift in Sources */ = {isa = PBXBuildFile; fileRef = CCBC489D2248CBEB0074D559 /* ImageService.swift */; };
		CCBC48AA2248CBEB0074D559 /* ReachabilityService.swift in Sources */ = {isa = PBXBuildFile; fileRef = CCBC489E2248CBEB0074D559 /* ReachabilityService.swift */; };
		CCBC48AB2248CBEB0074D559 /* PseudoRandomGenerator.swift in Sources */ = {isa = PBXBuildFile; fileRef = CCBC489F2248CBEB0074D559 /* PseudoRandomGenerator.swift */; };
		CCBC48AC2248CBEB0074D559 /* Wireframe.swift in Sources */ = {isa = PBXBuildFile; fileRef = CCBC48A02248CBEB0074D559 /* Wireframe.swift */; };
		CCBC48AD2248CBEB0074D559 /* UIImageView+DownloadableImage.swift in Sources */ = {isa = PBXBuildFile; fileRef = CCBC48A12248CBEB0074D559 /* UIImageView+DownloadableImage.swift */; };
		CCBC48AE2248CBEB0074D559 /* HtmlParsing.swift in Sources */ = {isa = PBXBuildFile; fileRef = CCBC48A22248CBEB0074D559 /* HtmlParsing.swift */; };
		CCBC48B02248CBEB0074D559 /* UIImage+Extensions.swift in Sources */ = {isa = PBXBuildFile; fileRef = CCBC48A42248CBEB0074D559 /* UIImage+Extensions.swift */; };
		CCBC48B12248CBEB0074D559 /* ActivityIndicator.swift in Sources */ = {isa = PBXBuildFile; fileRef = CCBC48A52248CBEB0074D559 /* ActivityIndicator.swift */; };
		CCBC48B22248CBEB0074D559 /* Reachability.swift in Sources */ = {isa = PBXBuildFile; fileRef = CCBC48A62248CBEB0074D559 /* Reachability.swift */; };
		CCBC48B42248CBEB0074D559 /* DownloadableImage.swift in Sources */ = {isa = PBXBuildFile; fileRef = CCBC48A82248CBEB0074D559 /* DownloadableImage.swift */; };
		CCBC48B62248CC940074D559 /* Example.swift in Sources */ = {isa = PBXBuildFile; fileRef = CCBC48B52248CC940074D559 /* Example.swift */; };
		CCBC48B82248CD4A0074D559 /* Dependencies.swift in Sources */ = {isa = PBXBuildFile; fileRef = CCBC48B72248CD4A0074D559 /* Dependencies.swift */; };
		CCD0266A22672B3400A19E47 /* TabBarController.swift in Sources */ = {isa = PBXBuildFile; fileRef = CCD0266922672B3400A19E47 /* TabBarController.swift */; };
		CCD0266E226B5FD000A19E47 /* UserAccountType.swift in Sources */ = {isa = PBXBuildFile; fileRef = CCD0266D226B5FD000A19E47 /* UserAccountType.swift */; };
		CCD02690226CE1BD00A19E47 /* AdminAprovalStub.swift in Sources */ = {isa = PBXBuildFile; fileRef = CCD0268E226CE1BD00A19E47 /* AdminAprovalStub.swift */; };
		CCD02691226CE1BD00A19E47 /* AdminAprovalStub.xib in Resources */ = {isa = PBXBuildFile; fileRef = CCD0268F226CE1BD00A19E47 /* AdminAprovalStub.xib */; };
		CCD0269E226F340A00A19E47 /* Api.swift in Sources */ = {isa = PBXBuildFile; fileRef = CCD0269D226F340900A19E47 /* Api.swift */; };
		CCD026A4226F46F400A19E47 /* CurrentSessionNewEventCell.swift in Sources */ = {isa = PBXBuildFile; fileRef = CCD026A2226F46F400A19E47 /* CurrentSessionNewEventCell.swift */; };
		CCD026A5226F46F400A19E47 /* CurrentSessionNewEventCell.xib in Resources */ = {isa = PBXBuildFile; fileRef = CCD026A3226F46F400A19E47 /* CurrentSessionNewEventCell.xib */; };
/* End PBXBuildFile section */

/* Begin PBXCopyFilesBuildPhase section */
		CC014727225972310093A6FA /* Embed Frameworks */ = {
			isa = PBXCopyFilesBuildPhase;
			buildActionMask = 2147483647;
			dstPath = "";
			dstSubfolderSpec = 10;
			files = (
			);
			name = "Embed Frameworks";
			runOnlyForDeploymentPostprocessing = 0;
		};
/* End PBXCopyFilesBuildPhase section */

/* Begin PBXFileReference section */
		3407E9EA48D7E97FC12F55F7 /* Pods_StudentsManager_IOS.framework */ = {isa = PBXFileReference; explicitFileType = wrapper.framework; includeInIndex = 0; path = Pods_StudentsManager_IOS.framework; sourceTree = BUILT_PRODUCTS_DIR; };
		5B85FB4EC13D71949C0A046F /* Pods-StudentsManager-IOS.debug.xcconfig */ = {isa = PBXFileReference; includeInIndex = 1; lastKnownFileType = text.xcconfig; name = "Pods-StudentsManager-IOS.debug.xcconfig"; path = "Target Support Files/Pods-StudentsManager-IOS/Pods-StudentsManager-IOS.debug.xcconfig"; sourceTree = "<group>"; };
		78F853A129F066A8B9238275 /* Pods-StudentsManager-IOS.release.xcconfig */ = {isa = PBXFileReference; includeInIndex = 1; lastKnownFileType = text.xcconfig; name = "Pods-StudentsManager-IOS.release.xcconfig"; path = "Target Support Files/Pods-StudentsManager-IOS/Pods-StudentsManager-IOS.release.xcconfig"; sourceTree = "<group>"; };
		CC2C69C522598A0800F6E58E /* StudentsManager-IOS-Bridging-Header.h */ = {isa = PBXFileReference; fileEncoding = 4; lastKnownFileType = sourcecode.c.h; path = "StudentsManager-IOS-Bridging-Header.h"; sourceTree = "<group>"; };
		CC2F29352207A0C100D83E12 /* Base */ = {isa = PBXFileReference; lastKnownFileType = file.storyboard; name = Base; path = "StudentsManager-IOS/Base.lproj/Main.storyboard"; sourceTree = "<group>"; };
		CC2F29372207A1CC00D83E12 /* Main.swift */ = {isa = PBXFileReference; lastKnownFileType = sourcecode.swift; path = Main.swift; sourceTree = "<group>"; };
		CC33CFB42240347800FB000F /* History.swift */ = {isa = PBXFileReference; lastKnownFileType = sourcecode.swift; path = History.swift; sourceTree = "<group>"; };
		CC33CFB6224034B000FB000F /* CurrentSession.swift */ = {isa = PBXFileReference; lastKnownFileType = sourcecode.swift; path = CurrentSession.swift; sourceTree = "<group>"; };
		CC33CFB92240FD7300FB000F /* CurrentSessionViewModel.swift */ = {isa = PBXFileReference; lastKnownFileType = sourcecode.swift; path = CurrentSessionViewModel.swift; sourceTree = "<group>"; };
		CC33CFBD2242194900FB000F /* CurrentSessionEventCell.swift */ = {isa = PBXFileReference; lastKnownFileType = sourcecode.swift; path = CurrentSessionEventCell.swift; sourceTree = "<group>"; };
		CC33CFBE2242194900FB000F /* CurrentSessionEventCell.xib */ = {isa = PBXFileReference; lastKnownFileType = file.xib; path = CurrentSessionEventCell.xib; sourceTree = "<group>"; };
		CC5BB20821F502220069B076 /* StudentsManager-IOS.app */ = {isa = PBXFileReference; explicitFileType = wrapper.application; includeInIndex = 0; path = "StudentsManager-IOS.app"; sourceTree = BUILT_PRODUCTS_DIR; };
		CC5BB20B21F502220069B076 /* AppDelegate.swift */ = {isa = PBXFileReference; lastKnownFileType = sourcecode.swift; path = AppDelegate.swift; sourceTree = "<group>"; };
		CC5BB20D21F502220069B076 /* ViewController.swift */ = {isa = PBXFileReference; lastKnownFileType = sourcecode.swift; path = ViewController.swift; sourceTree = "<group>"; };
		CC5BB21221F502250069B076 /* Assets.xcassets */ = {isa = PBXFileReference; lastKnownFileType = folder.assetcatalog; path = Assets.xcassets; sourceTree = "<group>"; };
		CC5BB21521F502250069B076 /* Base */ = {isa = PBXFileReference; lastKnownFileType = file.storyboard; name = Base; path = Base.lproj/LaunchScreen.storyboard; sourceTree = "<group>"; };
		CC5BB21721F502250069B076 /* Info.plist */ = {isa = PBXFileReference; lastKnownFileType = text.plist.xml; path = Info.plist; sourceTree = "<group>"; };
		CC5BB22221F5177F0069B076 /* GoogleService-Info.plist */ = {isa = PBXFileReference; fileEncoding = 4; lastKnownFileType = text.plist.xml; path = "GoogleService-Info.plist"; sourceTree = "<group>"; };
		CCA4272D2238DC8500CF2260 /* Base */ = {isa = PBXFileReference; lastKnownFileType = file.storyboard; name = Base; path = "StudentsManager-IOS/Base.lproj/CurrentSession.storyboard"; sourceTree = "<group>"; };
		CCB522CF22423D0500737C7D /* CurrentSessionTutorCell.swift */ = {isa = PBXFileReference; lastKnownFileType = sourcecode.swift; path = CurrentSessionTutorCell.swift; sourceTree = "<group>"; };
		CCB522D022423D0500737C7D /* CurrentSessionTutorCell.xib */ = {isa = PBXFileReference; lastKnownFileType = file.xib; path = CurrentSessionTutorCell.xib; sourceTree = "<group>"; };
		CCBC489D2248CBEB0074D559 /* ImageService.swift */ = {isa = PBXFileReference; fileEncoding = 4; lastKnownFileType = sourcecode.swift; path = ImageService.swift; sourceTree = "<group>"; };
		CCBC489E2248CBEB0074D559 /* ReachabilityService.swift */ = {isa = PBXFileReference; fileEncoding = 4; lastKnownFileType = sourcecode.swift; path = ReachabilityService.swift; sourceTree = "<group>"; };
		CCBC489F2248CBEB0074D559 /* PseudoRandomGenerator.swift */ = {isa = PBXFileReference; fileEncoding = 4; lastKnownFileType = sourcecode.swift; path = PseudoRandomGenerator.swift; sourceTree = "<group>"; };
		CCBC48A02248CBEB0074D559 /* Wireframe.swift */ = {isa = PBXFileReference; fileEncoding = 4; lastKnownFileType = sourcecode.swift; path = Wireframe.swift; sourceTree = "<group>"; };
		CCBC48A12248CBEB0074D559 /* UIImageView+DownloadableImage.swift */ = {isa = PBXFileReference; fileEncoding = 4; lastKnownFileType = sourcecode.swift; path = "UIImageView+DownloadableImage.swift"; sourceTree = "<group>"; };
		CCBC48A22248CBEB0074D559 /* HtmlParsing.swift */ = {isa = PBXFileReference; fileEncoding = 4; lastKnownFileType = sourcecode.swift; path = HtmlParsing.swift; sourceTree = "<group>"; };
		CCBC48A42248CBEB0074D559 /* UIImage+Extensions.swift */ = {isa = PBXFileReference; fileEncoding = 4; lastKnownFileType = sourcecode.swift; path = "UIImage+Extensions.swift"; sourceTree = "<group>"; };
		CCBC48A52248CBEB0074D559 /* ActivityIndicator.swift */ = {isa = PBXFileReference; fileEncoding = 4; lastKnownFileType = sourcecode.swift; path = ActivityIndicator.swift; sourceTree = "<group>"; };
		CCBC48A62248CBEB0074D559 /* Reachability.swift */ = {isa = PBXFileReference; fileEncoding = 4; lastKnownFileType = sourcecode.swift; path = Reachability.swift; sourceTree = "<group>"; };
		CCBC48A82248CBEB0074D559 /* DownloadableImage.swift */ = {isa = PBXFileReference; fileEncoding = 4; lastKnownFileType = sourcecode.swift; path = DownloadableImage.swift; sourceTree = "<group>"; };
		CCBC48B52248CC940074D559 /* Example.swift */ = {isa = PBXFileReference; fileEncoding = 4; lastKnownFileType = sourcecode.swift; path = Example.swift; sourceTree = "<group>"; };
		CCBC48B72248CD4A0074D559 /* Dependencies.swift */ = {isa = PBXFileReference; fileEncoding = 4; lastKnownFileType = sourcecode.swift; path = Dependencies.swift; sourceTree = "<group>"; };
		CCD0266922672B3400A19E47 /* TabBarController.swift */ = {isa = PBXFileReference; lastKnownFileType = sourcecode.swift; path = TabBarController.swift; sourceTree = "<group>"; };
		CCD0266D226B5FD000A19E47 /* UserAccountType.swift */ = {isa = PBXFileReference; lastKnownFileType = sourcecode.swift; path = UserAccountType.swift; sourceTree = "<group>"; };
		CCD0268E226CE1BD00A19E47 /* AdminAprovalStub.swift */ = {isa = PBXFileReference; lastKnownFileType = sourcecode.swift; path = AdminAprovalStub.swift; sourceTree = "<group>"; };
		CCD0268F226CE1BD00A19E47 /* AdminAprovalStub.xib */ = {isa = PBXFileReference; lastKnownFileType = file.xib; path = AdminAprovalStub.xib; sourceTree = "<group>"; };
		CCD0269D226F340900A19E47 /* Api.swift */ = {isa = PBXFileReference; lastKnownFileType = sourcecode.swift; name = Api.swift; path = ../Api.swift; sourceTree = "<group>"; };
		CCD026A2226F46F400A19E47 /* CurrentSessionNewEventCell.swift */ = {isa = PBXFileReference; lastKnownFileType = sourcecode.swift; path = CurrentSessionNewEventCell.swift; sourceTree = "<group>"; };
		CCD026A3226F46F400A19E47 /* CurrentSessionNewEventCell.xib */ = {isa = PBXFileReference; lastKnownFileType = file.xib; path = CurrentSessionNewEventCell.xib; sourceTree = "<group>"; };
/* End PBXFileReference section */

/* Begin PBXFrameworksBuildPhase section */
		CC5BB20521F502220069B076 /* Frameworks */ = {
			isa = PBXFrameworksBuildPhase;
			buildActionMask = 2147483647;
			files = (
				715C3F0C1A146474727EFC8F /* Pods_StudentsManager_IOS.framework in Frameworks */,
			);
			runOnlyForDeploymentPostprocessing = 0;
		};
/* End PBXFrameworksBuildPhase section */

/* Begin PBXGroup section */
		B7F76B2392AABAF9F03E3F71 /* Frameworks */ = {
			isa = PBXGroup;
			children = (
				3407E9EA48D7E97FC12F55F7 /* Pods_StudentsManager_IOS.framework */,
			);
			name = Frameworks;
			sourceTree = "<group>";
		};
		CC33CFB822403CB400FB000F /* CurrentSession */ = {
			isa = PBXGroup;
			children = (
				CCA4272C2238DC8500CF2260 /* CurrentSession.storyboard */,
				CC33CFB6224034B000FB000F /* CurrentSession.swift */,
				CC33CFB92240FD7300FB000F /* CurrentSessionViewModel.swift */,
				CC33CFBD2242194900FB000F /* CurrentSessionEventCell.swift */,
				CC33CFBE2242194900FB000F /* CurrentSessionEventCell.xib */,
				CCB522CF22423D0500737C7D /* CurrentSessionTutorCell.swift */,
				CCB522D022423D0500737C7D /* CurrentSessionTutorCell.xib */,
				CCD026A2226F46F400A19E47 /* CurrentSessionNewEventCell.swift */,
				CCD026A3226F46F400A19E47 /* CurrentSessionNewEventCell.xib */,
			);
			path = CurrentSession;
			sourceTree = "<group>";
		};
		CC5BB1FF21F502220069B076 = {
			isa = PBXGroup;
			children = (
				CC5BB20A21F502220069B076 /* StudentsManager-IOS */,
				CC5BB20921F502220069B076 /* Products */,
				EE2AC82BEE9E99D128E5AAE9 /* Pods */,
				B7F76B2392AABAF9F03E3F71 /* Frameworks */,
			);
			sourceTree = "<group>";
		};
		CC5BB20921F502220069B076 /* Products */ = {
			isa = PBXGroup;
			children = (
				CC5BB20821F502220069B076 /* StudentsManager-IOS.app */,
			);
			name = Products;
			sourceTree = "<group>";
		};
		CC5BB20A21F502220069B076 /* StudentsManager-IOS */ = {
			isa = PBXGroup;
			children = (
				CCBC489C2248CBEB0074D559 /* Services */,
				CC33CFB822403CB400FB000F /* CurrentSession */,
				CC2F29342207A0C100D83E12 /* Main.storyboard */,
				CCD0269F226F341700A19E47 /* Api */,
				CC2F29372207A1CC00D83E12 /* Main.swift */,
				CC5BB20B21F502220069B076 /* AppDelegate.swift */,
				CC5BB20D21F502220069B076 /* ViewController.swift */,
				CC5BB21221F502250069B076 /* Assets.xcassets */,
				CC5BB21421F502250069B076 /* LaunchScreen.storyboard */,
				CC5BB21721F502250069B076 /* Info.plist */,
				CC5BB22221F5177F0069B076 /* GoogleService-Info.plist */,
				CC33CFB42240347800FB000F /* History.swift */,
				CC2C69C522598A0800F6E58E /* StudentsManager-IOS-Bridging-Header.h */,
				CCD0266922672B3400A19E47 /* TabBarController.swift */,
				CCD0268E226CE1BD00A19E47 /* AdminAprovalStub.swift */,
				CCD0268F226CE1BD00A19E47 /* AdminAprovalStub.xib */,
			);
			path = "StudentsManager-IOS";
			sourceTree = "<group>";
		};
		CCBC489C2248CBEB0074D559 /* Services */ = {
			isa = PBXGroup;
			children = (
				CCBC48B72248CD4A0074D559 /* Dependencies.swift */,
				CCBC48B52248CC940074D559 /* Example.swift */,
				CCBC489D2248CBEB0074D559 /* ImageService.swift */,
				CCBC489E2248CBEB0074D559 /* ReachabilityService.swift */,
				CCBC489F2248CBEB0074D559 /* PseudoRandomGenerator.swift */,
				CCBC48A02248CBEB0074D559 /* Wireframe.swift */,
				CCBC48A12248CBEB0074D559 /* UIImageView+DownloadableImage.swift */,
				CCBC48A22248CBEB0074D559 /* HtmlParsing.swift */,
				CCBC48A42248CBEB0074D559 /* UIImage+Extensions.swift */,
				CCBC48A52248CBEB0074D559 /* ActivityIndicator.swift */,
				CCBC48A62248CBEB0074D559 /* Reachability.swift */,
				CCBC48A82248CBEB0074D559 /* DownloadableImage.swift */,
			);
			path = Services;
			sourceTree = "<group>";
		};
		CCD0269F226F341700A19E47 /* Api */ = {
			isa = PBXGroup;
			children = (
				CCD0266D226B5FD000A19E47 /* UserAccountType.swift */,
				CCD0269D226F340900A19E47 /* Api.swift */,
			);
			path = Api;
			sourceTree = "<group>";
		};
		EE2AC82BEE9E99D128E5AAE9 /* Pods */ = {
			isa = PBXGroup;
			children = (
				5B85FB4EC13D71949C0A046F /* Pods-StudentsManager-IOS.debug.xcconfig */,
				78F853A129F066A8B9238275 /* Pods-StudentsManager-IOS.release.xcconfig */,
			);
			path = Pods;
			sourceTree = "<group>";
		};
/* End PBXGroup section */

/* Begin PBXNativeTarget section */
		CC5BB20721F502220069B076 /* StudentsManager-IOS */ = {
			isa = PBXNativeTarget;
			buildConfigurationList = CC5BB21A21F502250069B076 /* Build configuration list for PBXNativeTarget "StudentsManager-IOS" */;
			buildPhases = (
				A5686C9F1D091E85578E4FE1 /* [CP] Check Pods Manifest.lock */,
				CC5BB20421F502220069B076 /* Sources */,
				CC5BB20521F502220069B076 /* Frameworks */,
				CC5BB20621F502220069B076 /* Resources */,
				CC014727225972310093A6FA /* Embed Frameworks */,
				EA9D56C5EEA8CBED89F5515A /* [CP] Embed Pods Frameworks */,
				D5D61504CFE7DE8CEE9DE1D4 /* [CP] Copy Pods Resources */,
			);
			buildRules = (
			);
			dependencies = (
			);
			name = "StudentsManager-IOS";
			productName = "StudentsManager-IOS";
			productReference = CC5BB20821F502220069B076 /* StudentsManager-IOS.app */;
			productType = "com.apple.product-type.application";
		};
/* End PBXNativeTarget section */

/* Begin PBXProject section */
		CC5BB20021F502220069B076 /* Project object */ = {
			isa = PBXProject;
			attributes = {
				LastSwiftUpdateCheck = 1010;
				LastUpgradeCheck = 1010;
				ORGANIZATIONNAME = TeamUUUU;
				TargetAttributes = {
					CC5BB20721F502220069B076 = {
						CreatedOnToolsVersion = 10.1;
						LastSwiftMigration = 1020;
					};
				};
			};
			buildConfigurationList = CC5BB20321F502220069B076 /* Build configuration list for PBXProject "StudentsManager-IOS" */;
			compatibilityVersion = "Xcode 9.3";
			developmentRegion = en;
			hasScannedForEncodings = 0;
			knownRegions = (
				en,
				Base,
			);
			mainGroup = CC5BB1FF21F502220069B076;
			productRefGroup = CC5BB20921F502220069B076 /* Products */;
			projectDirPath = "";
			projectRoot = "";
			targets = (
				CC5BB20721F502220069B076 /* StudentsManager-IOS */,
			);
		};
/* End PBXProject section */

/* Begin PBXResourcesBuildPhase section */
		CC5BB20621F502220069B076 /* Resources */ = {
			isa = PBXResourcesBuildPhase;
			buildActionMask = 2147483647;
			files = (
				CCD026A5226F46F400A19E47 /* CurrentSessionNewEventCell.xib in Resources */,
				CC5BB21621F502250069B076 /* LaunchScreen.storyboard in Resources */,
				CCD02691226CE1BD00A19E47 /* AdminAprovalStub.xib in Resources */,
				CC33CFC02242194900FB000F /* CurrentSessionEventCell.xib in Resources */,
				CC2F29362207A0C100D83E12 /* Main.storyboard in Resources */,
				CCA4272E2238DC8600CF2260 /* CurrentSession.storyboard in Resources */,
				CC5BB22321F5177F0069B076 /* GoogleService-Info.plist in Resources */,
				CCB522D222423D0500737C7D /* CurrentSessionTutorCell.xib in Resources */,
				CC5BB21321F502250069B076 /* Assets.xcassets in Resources */,
			);
			runOnlyForDeploymentPostprocessing = 0;
		};
/* End PBXResourcesBuildPhase section */

/* Begin PBXShellScriptBuildPhase section */
		A5686C9F1D091E85578E4FE1 /* [CP] Check Pods Manifest.lock */ = {
			isa = PBXShellScriptBuildPhase;
			buildActionMask = 2147483647;
			files = (
			);
			inputFileListPaths = (
			);
			inputPaths = (
				"${PODS_PODFILE_DIR_PATH}/Podfile.lock",
				"${PODS_ROOT}/Manifest.lock",
			);
			name = "[CP] Check Pods Manifest.lock";
			outputFileListPaths = (
			);
			outputPaths = (
				"$(DERIVED_FILE_DIR)/Pods-StudentsManager-IOS-checkManifestLockResult.txt",
			);
			runOnlyForDeploymentPostprocessing = 0;
			shellPath = /bin/sh;
			shellScript = "diff \"${PODS_PODFILE_DIR_PATH}/Podfile.lock\" \"${PODS_ROOT}/Manifest.lock\" > /dev/null\nif [ $? != 0 ] ; then\n    # print error to STDERR\n    echo \"error: The sandbox is not in sync with the Podfile.lock. Run 'pod install' or update your CocoaPods installation.\" >&2\n    exit 1\nfi\n# This output is used by Xcode 'outputs' to avoid re-running this script phase.\necho \"SUCCESS\" > \"${SCRIPT_OUTPUT_FILE_0}\"\n";
			showEnvVarsInLog = 0;
		};
		D5D61504CFE7DE8CEE9DE1D4 /* [CP] Copy Pods Resources */ = {
			isa = PBXShellScriptBuildPhase;
			buildActionMask = 2147483647;
			files = (
			);
			inputFileListPaths = (
			);
			inputPaths = (
				"${PODS_ROOT}/Target Support Files/Pods-StudentsManager-IOS/Pods-StudentsManager-IOS-resources.sh",
				"${PODS_CONFIGURATION_BUILD_DIR}/FirebaseUI/FirebaseAuthUI.bundle",
				"${PODS_CONFIGURATION_BUILD_DIR}/FirebaseUI/FirebaseGoogleAuthUI.bundle",
				"${PODS_ROOT}/GoogleSignIn/Resources/GoogleSignIn.bundle",
			);
			name = "[CP] Copy Pods Resources";
			outputFileListPaths = (
			);
			outputPaths = (
				"${TARGET_BUILD_DIR}/${UNLOCALIZED_RESOURCES_FOLDER_PATH}/FirebaseAuthUI.bundle",
				"${TARGET_BUILD_DIR}/${UNLOCALIZED_RESOURCES_FOLDER_PATH}/FirebaseGoogleAuthUI.bundle",
				"${TARGET_BUILD_DIR}/${UNLOCALIZED_RESOURCES_FOLDER_PATH}/GoogleSignIn.bundle",
			);
			runOnlyForDeploymentPostprocessing = 0;
			shellPath = /bin/sh;
			shellScript = "\"${PODS_ROOT}/Target Support Files/Pods-StudentsManager-IOS/Pods-StudentsManager-IOS-resources.sh\"\n";
			showEnvVarsInLog = 0;
		};
		EA9D56C5EEA8CBED89F5515A /* [CP] Embed Pods Frameworks */ = {
			isa = PBXShellScriptBuildPhase;
			buildActionMask = 2147483647;
			files = (
			);
			inputFileListPaths = (
			);
			inputPaths = (
				"${PODS_ROOT}/Target Support Files/Pods-StudentsManager-IOS/Pods-StudentsManager-IOS-frameworks.sh",
				"${BUILT_PRODUCTS_DIR}/BoringSSL-GRPC/openssl_grpc.framework",
				"${BUILT_PRODUCTS_DIR}/Differentiator/Differentiator.framework",
				"${BUILT_PRODUCTS_DIR}/GTMSessionFetcher/GTMSessionFetcher.framework",
				"${BUILT_PRODUCTS_DIR}/GoogleToolboxForMac/GoogleToolboxForMac.framework",
				"${BUILT_PRODUCTS_DIR}/GoogleUtilities/GoogleUtilities.framework",
				"${BUILT_PRODUCTS_DIR}/Protobuf/Protobuf.framework",
				"${BUILT_PRODUCTS_DIR}/RxCocoa/RxCocoa.framework",
				"${BUILT_PRODUCTS_DIR}/RxDataSources/RxDataSources.framework",
				"${BUILT_PRODUCTS_DIR}/RxSwift/RxSwift.framework",
				"${BUILT_PRODUCTS_DIR}/SwiftMessages/SwiftMessages.framework",
				"${BUILT_PRODUCTS_DIR}/gRPC-C++/grpcpp.framework",
				"${BUILT_PRODUCTS_DIR}/gRPC-Core/grpc.framework",
				"${BUILT_PRODUCTS_DIR}/leveldb-library/leveldb.framework",
				"${BUILT_PRODUCTS_DIR}/nanopb/nanopb.framework",
			);
			name = "[CP] Embed Pods Frameworks";
			outputFileListPaths = (
			);
			outputPaths = (
				"${TARGET_BUILD_DIR}/${FRAMEWORKS_FOLDER_PATH}/openssl_grpc.framework",
				"${TARGET_BUILD_DIR}/${FRAMEWORKS_FOLDER_PATH}/Differentiator.framework",
				"${TARGET_BUILD_DIR}/${FRAMEWORKS_FOLDER_PATH}/GTMSessionFetcher.framework",
				"${TARGET_BUILD_DIR}/${FRAMEWORKS_FOLDER_PATH}/GoogleToolboxForMac.framework",
				"${TARGET_BUILD_DIR}/${FRAMEWORKS_FOLDER_PATH}/GoogleUtilities.framework",
				"${TARGET_BUILD_DIR}/${FRAMEWORKS_FOLDER_PATH}/Protobuf.framework",
				"${TARGET_BUILD_DIR}/${FRAMEWORKS_FOLDER_PATH}/RxCocoa.framework",
				"${TARGET_BUILD_DIR}/${FRAMEWORKS_FOLDER_PATH}/RxDataSources.framework",
				"${TARGET_BUILD_DIR}/${FRAMEWORKS_FOLDER_PATH}/RxSwift.framework",
				"${TARGET_BUILD_DIR}/${FRAMEWORKS_FOLDER_PATH}/SwiftMessages.framework",
				"${TARGET_BUILD_DIR}/${FRAMEWORKS_FOLDER_PATH}/grpcpp.framework",
				"${TARGET_BUILD_DIR}/${FRAMEWORKS_FOLDER_PATH}/grpc.framework",
				"${TARGET_BUILD_DIR}/${FRAMEWORKS_FOLDER_PATH}/leveldb.framework",
				"${TARGET_BUILD_DIR}/${FRAMEWORKS_FOLDER_PATH}/nanopb.framework",
			);
			runOnlyForDeploymentPostprocessing = 0;
			shellPath = /bin/sh;
			shellScript = "\"${PODS_ROOT}/Target Support Files/Pods-StudentsManager-IOS/Pods-StudentsManager-IOS-frameworks.sh\"\n";
			showEnvVarsInLog = 0;
		};
/* End PBXShellScriptBuildPhase section */

/* Begin PBXSourcesBuildPhase section */
		CC5BB20421F502220069B076 /* Sources */ = {
			isa = PBXSourcesBuildPhase;
			buildActionMask = 2147483647;
			files = (
				CCBC48AA2248CBEB0074D559 /* ReachabilityService.swift in Sources */,
				CC2F29382207A1CC00D83E12 /* Main.swift in Sources */,
				CC33CFBF2242194900FB000F /* CurrentSessionEventCell.swift in Sources */,
				CCBC48AE2248CBEB0074D559 /* HtmlParsing.swift in Sources */,
				CCD0266E226B5FD000A19E47 /* UserAccountType.swift in Sources */,
				CCBC48A92248CBEB0074D559 /* ImageService.swift in Sources */,
				CCD0269E226F340A00A19E47 /* Api.swift in Sources */,
				CCBC48B82248CD4A0074D559 /* Dependencies.swift in Sources */,
				CC33CFBA2240FD7300FB000F /* CurrentSessionViewModel.swift in Sources */,
				CCBC48AB2248CBEB0074D559 /* PseudoRandomGenerator.swift in Sources */,
				CCBC48B62248CC940074D559 /* Example.swift in Sources */,
				CC33CFB7224034B000FB000F /* CurrentSession.swift in Sources */,
				CCBC48B42248CBEB0074D559 /* DownloadableImage.swift in Sources */,
				CC5BB20E21F502220069B076 /* ViewController.swift in Sources */,
				CCBC48AC2248CBEB0074D559 /* Wireframe.swift in Sources */,
				CCBC48AD2248CBEB0074D559 /* UIImageView+DownloadableImage.swift in Sources */,
				CCB522D122423D0500737C7D /* CurrentSessionTutorCell.swift in Sources */,
				CC33CFB52240347800FB000F /* History.swift in Sources */,
				CCBC48B22248CBEB0074D559 /* Reachability.swift in Sources */,
				CCD026A4226F46F400A19E47 /* CurrentSessionNewEventCell.swift in Sources */,
				CC5BB20C21F502220069B076 /* AppDelegate.swift in Sources */,
				CCD0266A22672B3400A19E47 /* TabBarController.swift in Sources */,
				CCBC48B02248CBEB0074D559 /* UIImage+Extensions.swift in Sources */,
				CCBC48B12248CBEB0074D559 /* ActivityIndicator.swift in Sources */,
				CCD02690226CE1BD00A19E47 /* AdminAprovalStub.swift in Sources */,
			);
			runOnlyForDeploymentPostprocessing = 0;
		};
/* End PBXSourcesBuildPhase section */

/* Begin PBXVariantGroup section */
		CC2F29342207A0C100D83E12 /* Main.storyboard */ = {
			isa = PBXVariantGroup;
			children = (
				CC2F29352207A0C100D83E12 /* Base */,
			);
			name = Main.storyboard;
			sourceTree = "<group>";
		};
		CC5BB21421F502250069B076 /* LaunchScreen.storyboard */ = {
			isa = PBXVariantGroup;
			children = (
				CC5BB21521F502250069B076 /* Base */,
			);
			name = LaunchScreen.storyboard;
			sourceTree = "<group>";
		};
		CCA4272C2238DC8500CF2260 /* CurrentSession.storyboard */ = {
			isa = PBXVariantGroup;
			children = (
				CCA4272D2238DC8500CF2260 /* Base */,
			);
			name = CurrentSession.storyboard;
			sourceTree = "<group>";
		};
/* End PBXVariantGroup section */

/* Begin XCBuildConfiguration section */
		CC5BB21821F502250069B076 /* Debug */ = {
			isa = XCBuildConfiguration;
			buildSettings = {
				ALWAYS_SEARCH_USER_PATHS = NO;
				CLANG_ANALYZER_NONNULL = YES;
				CLANG_ANALYZER_NUMBER_OBJECT_CONVERSION = YES_AGGRESSIVE;
				CLANG_CXX_LANGUAGE_STANDARD = "gnu++14";
				CLANG_CXX_LIBRARY = "libc++";
				CLANG_ENABLE_MODULES = YES;
				CLANG_ENABLE_OBJC_ARC = YES;
				CLANG_ENABLE_OBJC_WEAK = YES;
				CLANG_WARN_BLOCK_CAPTURE_AUTORELEASING = YES;
				CLANG_WARN_BOOL_CONVERSION = YES;
				CLANG_WARN_COMMA = YES;
				CLANG_WARN_CONSTANT_CONVERSION = YES;
				CLANG_WARN_DEPRECATED_OBJC_IMPLEMENTATIONS = YES;
				CLANG_WARN_DIRECT_OBJC_ISA_USAGE = YES_ERROR;
				CLANG_WARN_DOCUMENTATION_COMMENTS = YES;
				CLANG_WARN_EMPTY_BODY = YES;
				CLANG_WARN_ENUM_CONVERSION = YES;
				CLANG_WARN_INFINITE_RECURSION = YES;
				CLANG_WARN_INT_CONVERSION = YES;
				CLANG_WARN_NON_LITERAL_NULL_CONVERSION = YES;
				CLANG_WARN_OBJC_IMPLICIT_RETAIN_SELF = YES;
				CLANG_WARN_OBJC_LITERAL_CONVERSION = YES;
				CLANG_WARN_OBJC_ROOT_CLASS = YES_ERROR;
				CLANG_WARN_RANGE_LOOP_ANALYSIS = YES;
				CLANG_WARN_STRICT_PROTOTYPES = YES;
				CLANG_WARN_SUSPICIOUS_MOVE = YES;
				CLANG_WARN_UNGUARDED_AVAILABILITY = YES_AGGRESSIVE;
				CLANG_WARN_UNREACHABLE_CODE = YES;
				CLANG_WARN__DUPLICATE_METHOD_MATCH = YES;
				CODE_SIGN_IDENTITY = "iPhone Developer";
				COPY_PHASE_STRIP = NO;
				DEBUG_INFORMATION_FORMAT = dwarf;
				ENABLE_STRICT_OBJC_MSGSEND = YES;
				ENABLE_TESTABILITY = YES;
				GCC_C_LANGUAGE_STANDARD = gnu11;
				GCC_DYNAMIC_NO_PIC = NO;
				GCC_NO_COMMON_BLOCKS = YES;
				GCC_OPTIMIZATION_LEVEL = 0;
				GCC_PREPROCESSOR_DEFINITIONS = (
					"DEBUG=1",
					"$(inherited)",
				);
				GCC_WARN_64_TO_32_BIT_CONVERSION = YES;
				GCC_WARN_ABOUT_RETURN_TYPE = YES_ERROR;
				GCC_WARN_UNDECLARED_SELECTOR = YES;
				GCC_WARN_UNINITIALIZED_AUTOS = YES_AGGRESSIVE;
				GCC_WARN_UNUSED_FUNCTION = YES;
				GCC_WARN_UNUSED_VARIABLE = YES;
				IPHONEOS_DEPLOYMENT_TARGET = 12.1;
				MTL_ENABLE_DEBUG_INFO = INCLUDE_SOURCE;
				MTL_FAST_MATH = YES;
				ONLY_ACTIVE_ARCH = YES;
				SDKROOT = iphoneos;
				SWIFT_ACTIVE_COMPILATION_CONDITIONS = DEBUG;
				SWIFT_OPTIMIZATION_LEVEL = "-Onone";
			};
			name = Debug;
		};
		CC5BB21921F502250069B076 /* Release */ = {
			isa = XCBuildConfiguration;
			buildSettings = {
				ALWAYS_SEARCH_USER_PATHS = NO;
				CLANG_ANALYZER_NONNULL = YES;
				CLANG_ANALYZER_NUMBER_OBJECT_CONVERSION = YES_AGGRESSIVE;
				CLANG_CXX_LANGUAGE_STANDARD = "gnu++14";
				CLANG_CXX_LIBRARY = "libc++";
				CLANG_ENABLE_MODULES = YES;
				CLANG_ENABLE_OBJC_ARC = YES;
				CLANG_ENABLE_OBJC_WEAK = YES;
				CLANG_WARN_BLOCK_CAPTURE_AUTORELEASING = YES;
				CLANG_WARN_BOOL_CONVERSION = YES;
				CLANG_WARN_COMMA = YES;
				CLANG_WARN_CONSTANT_CONVERSION = YES;
				CLANG_WARN_DEPRECATED_OBJC_IMPLEMENTATIONS = YES;
				CLANG_WARN_DIRECT_OBJC_ISA_USAGE = YES_ERROR;
				CLANG_WARN_DOCUMENTATION_COMMENTS = YES;
				CLANG_WARN_EMPTY_BODY = YES;
				CLANG_WARN_ENUM_CONVERSION = YES;
				CLANG_WARN_INFINITE_RECURSION = YES;
				CLANG_WARN_INT_CONVERSION = YES;
				CLANG_WARN_NON_LITERAL_NULL_CONVERSION = YES;
				CLANG_WARN_OBJC_IMPLICIT_RETAIN_SELF = YES;
				CLANG_WARN_OBJC_LITERAL_CONVERSION = YES;
				CLANG_WARN_OBJC_ROOT_CLASS = YES_ERROR;
				CLANG_WARN_RANGE_LOOP_ANALYSIS = YES;
				CLANG_WARN_STRICT_PROTOTYPES = YES;
				CLANG_WARN_SUSPICIOUS_MOVE = YES;
				CLANG_WARN_UNGUARDED_AVAILABILITY = YES_AGGRESSIVE;
				CLANG_WARN_UNREACHABLE_CODE = YES;
				CLANG_WARN__DUPLICATE_METHOD_MATCH = YES;
				CODE_SIGN_IDENTITY = "iPhone Developer";
				COPY_PHASE_STRIP = NO;
				DEBUG_INFORMATION_FORMAT = "dwarf-with-dsym";
				ENABLE_NS_ASSERTIONS = NO;
				ENABLE_STRICT_OBJC_MSGSEND = YES;
				GCC_C_LANGUAGE_STANDARD = gnu11;
				GCC_NO_COMMON_BLOCKS = YES;
				GCC_WARN_64_TO_32_BIT_CONVERSION = YES;
				GCC_WARN_ABOUT_RETURN_TYPE = YES_ERROR;
				GCC_WARN_UNDECLARED_SELECTOR = YES;
				GCC_WARN_UNINITIALIZED_AUTOS = YES_AGGRESSIVE;
				GCC_WARN_UNUSED_FUNCTION = YES;
				GCC_WARN_UNUSED_VARIABLE = YES;
				IPHONEOS_DEPLOYMENT_TARGET = 12.1;
				MTL_ENABLE_DEBUG_INFO = NO;
				MTL_FAST_MATH = YES;
				SDKROOT = iphoneos;
				SWIFT_COMPILATION_MODE = wholemodule;
				SWIFT_OPTIMIZATION_LEVEL = "-O";
				VALIDATE_PRODUCT = YES;
			};
			name = Release;
		};
		CC5BB21B21F502250069B076 /* Debug */ = {
			isa = XCBuildConfiguration;
			baseConfigurationReference = 5B85FB4EC13D71949C0A046F /* Pods-StudentsManager-IOS.debug.xcconfig */;
			buildSettings = {
				ASSETCATALOG_COMPILER_APPICON_NAME = AppIcon;
				CLANG_ENABLE_MODULES = YES;
				CODE_SIGN_STYLE = Automatic;
				DEVELOPMENT_TEAM = 2Y8XE5CQ94;
				FRAMEWORK_SEARCH_PATHS = (
					"$(inherited)",
					"\"${PODS_CONFIGURATION_BUILD_DIR}/BoringSSL-GRPC\"",
					"\"${PODS_CONFIGURATION_BUILD_DIR}/FirebaseAuth\"",
					"\"${PODS_CONFIGURATION_BUILD_DIR}/FirebaseCore\"",
					"\"${PODS_CONFIGURATION_BUILD_DIR}/FirebaseFirestore\"",
					"\"${PODS_CONFIGURATION_BUILD_DIR}/FirebaseInstanceID\"",
					"\"${PODS_CONFIGURATION_BUILD_DIR}/FirebaseUI\"",
					"\"${PODS_CONFIGURATION_BUILD_DIR}/GTMSessionFetcher\"",
					"\"${PODS_CONFIGURATION_BUILD_DIR}/GoogleToolboxForMac\"",
					"\"${PODS_CONFIGURATION_BUILD_DIR}/GoogleUtilities\"",
					"\"${PODS_CONFIGURATION_BUILD_DIR}/PINCache\"",
					"\"${PODS_CONFIGURATION_BUILD_DIR}/PINOperation\"",
					"\"${PODS_CONFIGURATION_BUILD_DIR}/PINRemoteImage\"",
					"\"${PODS_CONFIGURATION_BUILD_DIR}/Protobuf\"",
					"\"${PODS_CONFIGURATION_BUILD_DIR}/RxCocoa\"",
					"\"${PODS_CONFIGURATION_BUILD_DIR}/RxSwift\"",
					"\"${PODS_CONFIGURATION_BUILD_DIR}/SwiftMessages\"",
					"\"${PODS_CONFIGURATION_BUILD_DIR}/Texture\"",
					"\"${PODS_CONFIGURATION_BUILD_DIR}/gRPC-C++\"",
					"\"${PODS_CONFIGURATION_BUILD_DIR}/gRPC-Core\"",
					"\"${PODS_CONFIGURATION_BUILD_DIR}/leveldb-library\"",
					"\"${PODS_CONFIGURATION_BUILD_DIR}/nanopb\"",
					"\"${PODS_ROOT}/FirebaseABTesting/Frameworks\"",
					"\"${PODS_ROOT}/FirebaseAnalytics/Frameworks\"",
					"\"${PODS_ROOT}/FirebasePerformance/Frameworks\"",
					"\"${PODS_ROOT}/FirebaseRemoteConfig/Frameworks\"",
					"\"${PODS_ROOT}/GoogleAppMeasurement/Frameworks\"",
					"\"${PODS_ROOT}/GoogleSignIn/Frameworks\"",
				);
				INFOPLIST_FILE = "StudentsManager-IOS/Info.plist";
				IPHONEOS_DEPLOYMENT_TARGET = 12.1;
				LD_RUNPATH_SEARCH_PATHS = (
					"$(inherited)",
					"@executable_path/Frameworks",
				);
				PRODUCT_BUNDLE_IDENTIFIER = "com.TeamUUUU.StudentsManager-IOS";
				PRODUCT_NAME = "$(TARGET_NAME)";
				SWIFT_OBJC_BRIDGING_HEADER = "StudentsManager-IOS/StudentsManager-IOS-Bridging-Header.h";
				SWIFT_OPTIMIZATION_LEVEL = "-Onone";
				SWIFT_VERSION = 5.0;
				TARGETED_DEVICE_FAMILY = "1,2";
			};
			name = Debug;
		};
		CC5BB21C21F502250069B076 /* Release */ = {
			isa = XCBuildConfiguration;
			baseConfigurationReference = 78F853A129F066A8B9238275 /* Pods-StudentsManager-IOS.release.xcconfig */;
			buildSettings = {
				ASSETCATALOG_COMPILER_APPICON_NAME = AppIcon;
				CLANG_ENABLE_MODULES = YES;
				CODE_SIGN_STYLE = Automatic;
				DEVELOPMENT_TEAM = 2Y8XE5CQ94;
				FRAMEWORK_SEARCH_PATHS = (
					"$(inherited)",
					"\"${PODS_CONFIGURATION_BUILD_DIR}/BoringSSL-GRPC\"",
					"\"${PODS_CONFIGURATION_BUILD_DIR}/FirebaseAuth\"",
					"\"${PODS_CONFIGURATION_BUILD_DIR}/FirebaseCore\"",
					"\"${PODS_CONFIGURATION_BUILD_DIR}/FirebaseFirestore\"",
					"\"${PODS_CONFIGURATION_BUILD_DIR}/FirebaseInstanceID\"",
					"\"${PODS_CONFIGURATION_BUILD_DIR}/FirebaseUI\"",
					"\"${PODS_CONFIGURATION_BUILD_DIR}/GTMSessionFetcher\"",
					"\"${PODS_CONFIGURATION_BUILD_DIR}/GoogleToolboxForMac\"",
					"\"${PODS_CONFIGURATION_BUILD_DIR}/GoogleUtilities\"",
					"\"${PODS_CONFIGURATION_BUILD_DIR}/PINCache\"",
					"\"${PODS_CONFIGURATION_BUILD_DIR}/PINOperation\"",
					"\"${PODS_CONFIGURATION_BUILD_DIR}/PINRemoteImage\"",
					"\"${PODS_CONFIGURATION_BUILD_DIR}/Protobuf\"",
					"\"${PODS_CONFIGURATION_BUILD_DIR}/RxCocoa\"",
					"\"${PODS_CONFIGURATION_BUILD_DIR}/RxSwift\"",
					"\"${PODS_CONFIGURATION_BUILD_DIR}/SwiftMessages\"",
					"\"${PODS_CONFIGURATION_BUILD_DIR}/Texture\"",
					"\"${PODS_CONFIGURATION_BUILD_DIR}/gRPC-C++\"",
					"\"${PODS_CONFIGURATION_BUILD_DIR}/gRPC-Core\"",
					"\"${PODS_CONFIGURATION_BUILD_DIR}/leveldb-library\"",
					"\"${PODS_CONFIGURATION_BUILD_DIR}/nanopb\"",
					"\"${PODS_ROOT}/FirebaseABTesting/Frameworks\"",
					"\"${PODS_ROOT}/FirebaseAnalytics/Frameworks\"",
					"\"${PODS_ROOT}/FirebasePerformance/Frameworks\"",
					"\"${PODS_ROOT}/FirebaseRemoteConfig/Frameworks\"",
					"\"${PODS_ROOT}/GoogleAppMeasurement/Frameworks\"",
					"\"${PODS_ROOT}/GoogleSignIn/Frameworks\"",
				);
				INFOPLIST_FILE = "StudentsManager-IOS/Info.plist";
				IPHONEOS_DEPLOYMENT_TARGET = 12.1;
				LD_RUNPATH_SEARCH_PATHS = (
					"$(inherited)",
					"@executable_path/Frameworks",
				);
				PRODUCT_BUNDLE_IDENTIFIER = "com.TeamUUUU.StudentsManager-IOS";
				PRODUCT_NAME = "$(TARGET_NAME)";
				SWIFT_OBJC_BRIDGING_HEADER = "StudentsManager-IOS/StudentsManager-IOS-Bridging-Header.h";
				SWIFT_VERSION = 5.0;
				TARGETED_DEVICE_FAMILY = "1,2";
			};
			name = Release;
		};
/* End XCBuildConfiguration section */

/* Begin XCConfigurationList section */
		CC5BB20321F502220069B076 /* Build configuration list for PBXProject "StudentsManager-IOS" */ = {
			isa = XCConfigurationList;
			buildConfigurations = (
				CC5BB21821F502250069B076 /* Debug */,
				CC5BB21921F502250069B076 /* Release */,
			);
			defaultConfigurationIsVisible = 0;
			defaultConfigurationName = Release;
		};
		CC5BB21A21F502250069B076 /* Build configuration list for PBXNativeTarget "StudentsManager-IOS" */ = {
			isa = XCConfigurationList;
			buildConfigurations = (
				CC5BB21B21F502250069B076 /* Debug */,
				CC5BB21C21F502250069B076 /* Release */,
			);
			defaultConfigurationIsVisible = 0;
			defaultConfigurationName = Release;
		};
/* End XCConfigurationList section */
	};
	rootObject = CC5BB20021F502220069B076 /* Project object */;
}
